// !$*UTF8*$!
{
	archiveVersion = 1;
	classes = {
	};
	objectVersion = 50;
	objects = {

/* Begin PBXBuildFile section */
		BD01A62B267A8712005A9F96 /* PatriTests.swift in Sources */ = {isa = PBXBuildFile; fileRef = BD01A62A267A8712005A9F96 /* PatriTests.swift */; };
		BD8339012662B72C00533DF7 /* NewTaskViewModel.swift in Sources */ = {isa = PBXBuildFile; fileRef = BD8339002662B72C00533DF7 /* NewTaskViewModel.swift */; };
		BD892CFD265E10F900B9C9BB /* PatriApp.swift in Sources */ = {isa = PBXBuildFile; fileRef = BD892CFC265E10F900B9C9BB /* PatriApp.swift */; };
		BD892CFF265E10F900B9C9BB /* ContentView.swift in Sources */ = {isa = PBXBuildFile; fileRef = BD892CFE265E10F900B9C9BB /* ContentView.swift */; };
		BD892D01265E10FD00B9C9BB /* Assets.xcassets in Resources */ = {isa = PBXBuildFile; fileRef = BD892D00265E10FD00B9C9BB /* Assets.xcassets */; };
		BD892D04265E10FD00B9C9BB /* Preview Assets.xcassets in Resources */ = {isa = PBXBuildFile; fileRef = BD892D03265E10FD00B9C9BB /* Preview Assets.xcassets */; };
		BD892D10265E11B200B9C9BB /* Task.swift in Sources */ = {isa = PBXBuildFile; fileRef = BD892D0F265E11B200B9C9BB /* Task.swift */; };
		BD892D14265E12B500B9C9BB /* HomeView.swift in Sources */ = {isa = PBXBuildFile; fileRef = BD892D13265E12B500B9C9BB /* HomeView.swift */; };
		BD892D17265E12CE00B9C9BB /* TaskView.swift in Sources */ = {isa = PBXBuildFile; fileRef = BD892D16265E12CE00B9C9BB /* TaskView.swift */; };
		BD892D1A265E162B00B9C9BB /* HomeViewModel.swift in Sources */ = {isa = PBXBuildFile; fileRef = BD892D19265E162B00B9C9BB /* HomeViewModel.swift */; };
		BD892D1D265E18C700B9C9BB /* HoemViewModelHelper.swift in Sources */ = {isa = PBXBuildFile; fileRef = BD892D1C265E18C700B9C9BB /* HoemViewModelHelper.swift */; };
		BD892D20265E355D00B9C9BB /* NewTaskView.swift in Sources */ = {isa = PBXBuildFile; fileRef = BD892D1F265E355D00B9C9BB /* NewTaskView.swift */; };
/* End PBXBuildFile section */

/* Begin PBXContainerItemProxy section */
		BD01A62D267A8712005A9F96 /* PBXContainerItemProxy */ = {
			isa = PBXContainerItemProxy;
			containerPortal = BD892CF1265E10F900B9C9BB /* Project object */;
			proxyType = 1;
			remoteGlobalIDString = BD892CF8265E10F900B9C9BB;
			remoteInfo = Patri;
		};
/* End PBXContainerItemProxy section */

/* Begin PBXFileReference section */
		BD01A628267A8712005A9F96 /* PatriTests.xctest */ = {isa = PBXFileReference; explicitFileType = wrapper.cfbundle; includeInIndex = 0; path = PatriTests.xctest; sourceTree = BUILT_PRODUCTS_DIR; };
		BD01A62A267A8712005A9F96 /* PatriTests.swift */ = {isa = PBXFileReference; lastKnownFileType = sourcecode.swift; path = PatriTests.swift; sourceTree = "<group>"; };
		BD01A62C267A8712005A9F96 /* Info.plist */ = {isa = PBXFileReference; lastKnownFileType = text.plist.xml; path = Info.plist; sourceTree = "<group>"; };
		BD8339002662B72C00533DF7 /* NewTaskViewModel.swift */ = {isa = PBXFileReference; lastKnownFileType = sourcecode.swift; path = NewTaskViewModel.swift; sourceTree = "<group>"; };
		BD892CF9265E10F900B9C9BB /* Patri.app */ = {isa = PBXFileReference; explicitFileType = wrapper.application; includeInIndex = 0; path = Patri.app; sourceTree = BUILT_PRODUCTS_DIR; };
		BD892CFC265E10F900B9C9BB /* PatriApp.swift */ = {isa = PBXFileReference; lastKnownFileType = sourcecode.swift; path = PatriApp.swift; sourceTree = "<group>"; };
		BD892CFE265E10F900B9C9BB /* ContentView.swift */ = {isa = PBXFileReference; lastKnownFileType = sourcecode.swift; path = ContentView.swift; sourceTree = "<group>"; };
		BD892D00265E10FD00B9C9BB /* Assets.xcassets */ = {isa = PBXFileReference; lastKnownFileType = folder.assetcatalog; path = Assets.xcassets; sourceTree = "<group>"; };
		BD892D03265E10FD00B9C9BB /* Preview Assets.xcassets */ = {isa = PBXFileReference; lastKnownFileType = folder.assetcatalog; path = "Preview Assets.xcassets"; sourceTree = "<group>"; };
		BD892D05265E10FD00B9C9BB /* Info.plist */ = {isa = PBXFileReference; lastKnownFileType = text.plist.xml; path = Info.plist; sourceTree = "<group>"; };
		BD892D0F265E11B200B9C9BB /* Task.swift */ = {isa = PBXFileReference; lastKnownFileType = sourcecode.swift; path = Task.swift; sourceTree = "<group>"; };
		BD892D13265E12B500B9C9BB /* HomeView.swift */ = {isa = PBXFileReference; lastKnownFileType = sourcecode.swift; path = HomeView.swift; sourceTree = "<group>"; };
		BD892D16265E12CE00B9C9BB /* TaskView.swift */ = {isa = PBXFileReference; lastKnownFileType = sourcecode.swift; path = TaskView.swift; sourceTree = "<group>"; };
		BD892D19265E162B00B9C9BB /* HomeViewModel.swift */ = {isa = PBXFileReference; lastKnownFileType = sourcecode.swift; path = HomeViewModel.swift; sourceTree = "<group>"; };
		BD892D1C265E18C700B9C9BB /* HoemViewModelHelper.swift */ = {isa = PBXFileReference; lastKnownFileType = sourcecode.swift; path = HoemViewModelHelper.swift; sourceTree = "<group>"; };
		BD892D1F265E355D00B9C9BB /* NewTaskView.swift */ = {isa = PBXFileReference; lastKnownFileType = sourcecode.swift; path = NewTaskView.swift; sourceTree = "<group>"; };
/* End PBXFileReference section */

/* Begin PBXFrameworksBuildPhase section */
		BD01A625267A8712005A9F96 /* Frameworks */ = {
			isa = PBXFrameworksBuildPhase;
			buildActionMask = 2147483647;
			files = (
			);
			runOnlyForDeploymentPostprocessing = 0;
		};
		BD892CF6265E10F900B9C9BB /* Frameworks */ = {
			isa = PBXFrameworksBuildPhase;
			buildActionMask = 2147483647;
			files = (
			);
			runOnlyForDeploymentPostprocessing = 0;
		};
/* End PBXFrameworksBuildPhase section */

/* Begin PBXGroup section */
		BD01A629267A8712005A9F96 /* PatriTests */ = {
			isa = PBXGroup;
			children = (
				BD01A62A267A8712005A9F96 /* PatriTests.swift */,
				BD01A62C267A8712005A9F96 /* Info.plist */,
			);
			path = PatriTests;
			sourceTree = "<group>";
		};
		BD892CF0265E10F900B9C9BB = {
			isa = PBXGroup;
			children = (
				BD892CFB265E10F900B9C9BB /* Patri */,
				BD01A629267A8712005A9F96 /* PatriTests */,
				BD892CFA265E10F900B9C9BB /* Products */,
			);
			sourceTree = "<group>";
		};
		BD892CFA265E10F900B9C9BB /* Products */ = {
			isa = PBXGroup;
			children = (
				BD892CF9265E10F900B9C9BB /* Patri.app */,
				BD01A628267A8712005A9F96 /* PatriTests.xctest */,
			);
			name = Products;
			sourceTree = "<group>";
		};
		BD892CFB265E10F900B9C9BB /* Patri */ = {
			isa = PBXGroup;
			children = (
				BD892D0E265E113900B9C9BB /* Model */,
				BD892D0D265E112600B9C9BB /* ViewModel */,
				BD892D0C265E111C00B9C9BB /* View */,
				BD892CFC265E10F900B9C9BB /* PatriApp.swift */,
				BD892CFE265E10F900B9C9BB /* ContentView.swift */,
				BD892D00265E10FD00B9C9BB /* Assets.xcassets */,
				BD892D05265E10FD00B9C9BB /* Info.plist */,
				BD892D02265E10FD00B9C9BB /* Preview Content */,
			);
			path = Patri;
			sourceTree = "<group>";
		};
		BD892D02265E10FD00B9C9BB /* Preview Content */ = {
			isa = PBXGroup;
			children = (
				BD892D03265E10FD00B9C9BB /* Preview Assets.xcassets */,
			);
			path = "Preview Content";
			sourceTree = "<group>";
		};
		BD892D0C265E111C00B9C9BB /* View */ = {
			isa = PBXGroup;
			children = (
				BD892D13265E12B500B9C9BB /* HomeView.swift */,
				BD892D16265E12CE00B9C9BB /* TaskView.swift */,
				BD892D1F265E355D00B9C9BB /* NewTaskView.swift */,
			);
			path = View;
			sourceTree = "<group>";
		};
		BD892D0D265E112600B9C9BB /* ViewModel */ = {
			isa = PBXGroup;
			children = (
				BD892D19265E162B00B9C9BB /* HomeViewModel.swift */,
				BD892D1C265E18C700B9C9BB /* HoemViewModelHelper.swift */,
				BD8339002662B72C00533DF7 /* NewTaskViewModel.swift */,
			);
			path = ViewModel;
			sourceTree = "<group>";
		};
		BD892D0E265E113900B9C9BB /* Model */ = {
			isa = PBXGroup;
			children = (
				BD892D0F265E11B200B9C9BB /* Task.swift */,
			);
			path = Model;
			sourceTree = "<group>";
		};
/* End PBXGroup section */

/* Begin PBXNativeTarget section */
		BD01A627267A8712005A9F96 /* PatriTests */ = {
			isa = PBXNativeTarget;
			buildConfigurationList = BD01A631267A8713005A9F96 /* Build configuration list for PBXNativeTarget "PatriTests" */;
			buildPhases = (
				BD01A624267A8712005A9F96 /* Sources */,
				BD01A625267A8712005A9F96 /* Frameworks */,
				BD01A626267A8712005A9F96 /* Resources */,
			);
			buildRules = (
			);
			dependencies = (
				BD01A62E267A8712005A9F96 /* PBXTargetDependency */,
			);
			name = PatriTests;
			productName = PatriTests;
			productReference = BD01A628267A8712005A9F96 /* PatriTests.xctest */;
			productType = "com.apple.product-type.bundle.unit-test";
		};
		BD892CF8265E10F900B9C9BB /* Patri */ = {
			isa = PBXNativeTarget;
			buildConfigurationList = BD892D08265E10FD00B9C9BB /* Build configuration list for PBXNativeTarget "Patri" */;
			buildPhases = (
				BD892CF5265E10F900B9C9BB /* Sources */,
				BD892CF6265E10F900B9C9BB /* Frameworks */,
				BD892CF7265E10F900B9C9BB /* Resources */,
			);
			buildRules = (
			);
			dependencies = (
			);
			name = Patri;
			productName = Patri;
			productReference = BD892CF9265E10F900B9C9BB /* Patri.app */;
			productType = "com.apple.product-type.application";
		};
/* End PBXNativeTarget section */

/* Begin PBXProject section */
		BD892CF1265E10F900B9C9BB /* Project object */ = {
			isa = PBXProject;
			attributes = {
				LastSwiftUpdateCheck = 1200;
				LastUpgradeCheck = 1200;
				TargetAttributes = {
					BD01A627267A8712005A9F96 = {
						CreatedOnToolsVersion = 12.0.1;
						TestTargetID = BD892CF8265E10F900B9C9BB;
					};
					BD892CF8265E10F900B9C9BB = {
						CreatedOnToolsVersion = 12.0.1;
					};
				};
			};
			buildConfigurationList = BD892CF4265E10F900B9C9BB /* Build configuration list for PBXProject "Patri" */;
			compatibilityVersion = "Xcode 9.3";
			developmentRegion = en;
			hasScannedForEncodings = 0;
			knownRegions = (
				en,
				Base,
			);
			mainGroup = BD892CF0265E10F900B9C9BB;
			productRefGroup = BD892CFA265E10F900B9C9BB /* Products */;
			projectDirPath = "";
			projectRoot = "";
			targets = (
				BD892CF8265E10F900B9C9BB /* Patri */,
				BD01A627267A8712005A9F96 /* PatriTests */,
			);
		};
/* End PBXProject section */

/* Begin PBXResourcesBuildPhase section */
		BD01A626267A8712005A9F96 /* Resources */ = {
			isa = PBXResourcesBuildPhase;
			buildActionMask = 2147483647;
			files = (
			);
			runOnlyForDeploymentPostprocessing = 0;
		};
		BD892CF7265E10F900B9C9BB /* Resources */ = {
			isa = PBXResourcesBuildPhase;
			buildActionMask = 2147483647;
			files = (
				BD892D04265E10FD00B9C9BB /* Preview Assets.xcassets in Resources */,
				BD892D01265E10FD00B9C9BB /* Assets.xcassets in Resources */,
			);
			runOnlyForDeploymentPostprocessing = 0;
		};
/* End PBXResourcesBuildPhase section */

/* Begin PBXSourcesBuildPhase section */
		BD01A624267A8712005A9F96 /* Sources */ = {
			isa = PBXSourcesBuildPhase;
			buildActionMask = 2147483647;
			files = (
				BD01A62B267A8712005A9F96 /* PatriTests.swift in Sources */,
			);
			runOnlyForDeploymentPostprocessing = 0;
		};
		BD892CF5265E10F900B9C9BB /* Sources */ = {
			isa = PBXSourcesBuildPhase;
			buildActionMask = 2147483647;
			files = (
				BD892CFF265E10F900B9C9BB /* ContentView.swift in Sources */,
				BD892D1A265E162B00B9C9BB /* HomeViewModel.swift in Sources */,
				BD892D14265E12B500B9C9BB /* HomeView.swift in Sources */,
				BD892D10265E11B200B9C9BB /* Task.swift in Sources */,
				BD892D20265E355D00B9C9BB /* NewTaskView.swift in Sources */,
				BD892D17265E12CE00B9C9BB /* TaskView.swift in Sources */,
				BD892CFD265E10F900B9C9BB /* PatriApp.swift in Sources */,
				BD892D1D265E18C700B9C9BB /* HoemViewModelHelper.swift in Sources */,
				BD8339012662B72C00533DF7 /* NewTaskViewModel.swift in Sources */,
			);
			runOnlyForDeploymentPostprocessing = 0;
		};
/* End PBXSourcesBuildPhase section */

/* Begin PBXTargetDependency section */
		BD01A62E267A8712005A9F96 /* PBXTargetDependency */ = {
			isa = PBXTargetDependency;
			target = BD892CF8265E10F900B9C9BB /* Patri */;
			targetProxy = BD01A62D267A8712005A9F96 /* PBXContainerItemProxy */;
		};
/* End PBXTargetDependency section */

/* Begin XCBuildConfiguration section */
		BD01A62F267A8712005A9F96 /* Debug */ = {
			isa = XCBuildConfiguration;
			buildSettings = {
				BUNDLE_LOADER = "$(TEST_HOST)";
				CODE_SIGN_STYLE = Automatic;
				DEVELOPMENT_TEAM = FCDXV2H3XH;
				INFOPLIST_FILE = PatriTests/Info.plist;
				LD_RUNPATH_SEARCH_PATHS = (
					"$(inherited)",
					"@executable_path/Frameworks",
					"@loader_path/Frameworks",
				);
				PRODUCT_BUNDLE_IDENTIFIER = avnish.PatriTests;
				PRODUCT_NAME = "$(TARGET_NAME)";
				SWIFT_VERSION = 5.0;
				TARGETED_DEVICE_FAMILY = "1,2";
				TEST_HOST = "$(BUILT_PRODUCTS_DIR)/Patri.app/Patri";
			};
			name = Debug;
		};
		BD01A630267A8712005A9F96 /* Release */ = {
			isa = XCBuildConfiguration;
			buildSettings = {
				BUNDLE_LOADER = "$(TEST_HOST)";
				CODE_SIGN_STYLE = Automatic;
				DEVELOPMENT_TEAM = FCDXV2H3XH;
				INFOPLIST_FILE = PatriTests/Info.plist;
				LD_RUNPATH_SEARCH_PATHS = (
					"$(inherited)",
					"@executable_path/Frameworks",
					"@loader_path/Frameworks",
				);
				PRODUCT_BUNDLE_IDENTIFIER = avnish.PatriTests;
				PRODUCT_NAME = "$(TARGET_NAME)";
				SWIFT_VERSION = 5.0;
				TARGETED_DEVICE_FAMILY = "1,2";
				TEST_HOST = "$(BUILT_PRODUCTS_DIR)/Patri.app/Patri";
			};
			name = Release;
		};
		BD892D06265E10FD00B9C9BB /* Debug */ = {
			isa = XCBuildConfiguration;
			buildSettings = {
				ALWAYS_SEARCH_USER_PATHS = NO;
				CLANG_ANALYZER_NONNULL = YES;
				CLANG_ANALYZER_NUMBER_OBJECT_CONVERSION = YES_AGGRESSIVE;
				CLANG_CXX_LANGUAGE_STANDARD = "gnu++14";
				CLANG_CXX_LIBRARY = "libc++";
				CLANG_ENABLE_MODULES = YES;
				CLANG_ENABLE_OBJC_ARC = YES;
				CLANG_ENABLE_OBJC_WEAK = YES;
				CLANG_WARN_BLOCK_CAPTURE_AUTORELEASING = YES;
				CLANG_WARN_BOOL_CONVERSION = YES;
				CLANG_WARN_COMMA = YES;
				CLANG_WARN_CONSTANT_CONVERSION = YES;
				CLANG_WARN_DEPRECATED_OBJC_IMPLEMENTATIONS = YES;
				CLANG_WARN_DIRECT_OBJC_ISA_USAGE = YES_ERROR;
				CLANG_WARN_DOCUMENTATION_COMMENTS = YES;
				CLANG_WARN_EMPTY_BODY = YES;
				CLANG_WARN_ENUM_CONVERSION = YES;
				CLANG_WARN_INFINITE_RECURSION = YES;
				CLANG_WARN_INT_CONVERSION = YES;
				CLANG_WARN_NON_LITERAL_NULL_CONVERSION = YES;
				CLANG_WARN_OBJC_IMPLICIT_RETAIN_SELF = YES;
				CLANG_WARN_OBJC_LITERAL_CONVERSION = YES;
				CLANG_WARN_OBJC_ROOT_CLASS = YES_ERROR;
				CLANG_WARN_QUOTED_INCLUDE_IN_FRAMEWORK_HEADER = YES;
				CLANG_WARN_RANGE_LOOP_ANALYSIS = YES;
				CLANG_WARN_STRICT_PROTOTYPES = YES;
				CLANG_WARN_SUSPICIOUS_MOVE = YES;
				CLANG_WARN_UNGUARDED_AVAILABILITY = YES_AGGRESSIVE;
				CLANG_WARN_UNREACHABLE_CODE = YES;
				CLANG_WARN__DUPLICATE_METHOD_MATCH = YES;
				COPY_PHASE_STRIP = NO;
				DEBUG_INFORMATION_FORMAT = dwarf;
				ENABLE_STRICT_OBJC_MSGSEND = YES;
				ENABLE_TESTABILITY = YES;
				GCC_C_LANGUAGE_STANDARD = gnu11;
				GCC_DYNAMIC_NO_PIC = NO;
				GCC_NO_COMMON_BLOCKS = YES;
				GCC_OPTIMIZATION_LEVEL = 0;
				GCC_PREPROCESSOR_DEFINITIONS = (
					"DEBUG=1",
					"$(inherited)",
				);
				GCC_WARN_64_TO_32_BIT_CONVERSION = YES;
				GCC_WARN_ABOUT_RETURN_TYPE = YES_ERROR;
				GCC_WARN_UNDECLARED_SELECTOR = YES;
				GCC_WARN_UNINITIALIZED_AUTOS = YES_AGGRESSIVE;
				GCC_WARN_UNUSED_FUNCTION = YES;
				GCC_WARN_UNUSED_VARIABLE = YES;
				IPHONEOS_DEPLOYMENT_TARGET = 14.0;
				MTL_ENABLE_DEBUG_INFO = INCLUDE_SOURCE;
				MTL_FAST_MATH = YES;
				ONLY_ACTIVE_ARCH = YES;
				SDKROOT = iphoneos;
				SWIFT_ACTIVE_COMPILATION_CONDITIONS = DEBUG;
				SWIFT_OPTIMIZATION_LEVEL = "-Onone";
			};
			name = Debug;
		};
		BD892D07265E10FD00B9C9BB /* Release */ = {
			isa = XCBuildConfiguration;
			buildSettings = {
				ALWAYS_SEARCH_USER_PATHS = NO;
				CLANG_ANALYZER_NONNULL = YES;
				CLANG_ANALYZER_NUMBER_OBJECT_CONVERSION = YES_AGGRESSIVE;
				CLANG_CXX_LANGUAGE_STANDARD = "gnu++14";
				CLANG_CXX_LIBRARY = "libc++";
				CLANG_ENABLE_MODULES = YES;
				CLANG_ENABLE_OBJC_ARC = YES;
				CLANG_ENABLE_OBJC_WEAK = YES;
				CLANG_WARN_BLOCK_CAPTURE_AUTORELEASING = YES;
				CLANG_WARN_BOOL_CONVERSION = YES;
				CLANG_WARN_COMMA = YES;
				CLANG_WARN_CONSTANT_CONVERSION = YES;
				CLANG_WARN_DEPRECATED_OBJC_IMPLEMENTATIONS = YES;
				CLANG_WARN_DIRECT_OBJC_ISA_USAGE = YES_ERROR;
				CLANG_WARN_DOCUMENTATION_COMMENTS = YES;
				CLANG_WARN_EMPTY_BODY = YES;
				CLANG_WARN_ENUM_CONVERSION = YES;
				CLANG_WARN_INFINITE_RECURSION = YES;
				CLANG_WARN_INT_CONVERSION = YES;
				CLANG_WARN_NON_LITERAL_NULL_CONVERSION = YES;
				CLANG_WARN_OBJC_IMPLICIT_RETAIN_SELF = YES;
				CLANG_WARN_OBJC_LITERAL_CONVERSION = YES;
				CLANG_WARN_OBJC_ROOT_CLASS = YES_ERROR;
				CLANG_WARN_QUOTED_INCLUDE_IN_FRAMEWORK_HEADER = YES;
				CLANG_WARN_RANGE_LOOP_ANALYSIS = YES;
				CLANG_WARN_STRICT_PROTOTYPES = YES;
				CLANG_WARN_SUSPICIOUS_MOVE = YES;
				CLANG_WARN_UNGUARDED_AVAILABILITY = YES_AGGRESSIVE;
				CLANG_WARN_UNREACHABLE_CODE = YES;
				CLANG_WARN__DUPLICATE_METHOD_MATCH = YES;
				COPY_PHASE_STRIP = NO;
				DEBUG_INFORMATION_FORMAT = "dwarf-with-dsym";
				ENABLE_NS_ASSERTIONS = NO;
				ENABLE_STRICT_OBJC_MSGSEND = YES;
				GCC_C_LANGUAGE_STANDARD = gnu11;
				GCC_NO_COMMON_BLOCKS = YES;
				GCC_WARN_64_TO_32_BIT_CONVERSION = YES;
				GCC_WARN_ABOUT_RETURN_TYPE = YES_ERROR;
				GCC_WARN_UNDECLARED_SELECTOR = YES;
				GCC_WARN_UNINITIALIZED_AUTOS = YES_AGGRESSIVE;
				GCC_WARN_UNUSED_FUNCTION = YES;
				GCC_WARN_UNUSED_VARIABLE = YES;
				IPHONEOS_DEPLOYMENT_TARGET = 14.0;
				MTL_ENABLE_DEBUG_INFO = NO;
				MTL_FAST_MATH = YES;
				SDKROOT = iphoneos;
				SWIFT_COMPILATION_MODE = wholemodule;
				SWIFT_OPTIMIZATION_LEVEL = "-O";
				VALIDATE_PRODUCT = YES;
			};
			name = Release;
		};
		BD892D09265E10FD00B9C9BB /* Debug */ = {
			isa = XCBuildConfiguration;
			buildSettings = {
				ASSETCATALOG_COMPILER_APPICON_NAME = AppIcon;
				ASSETCATALOG_COMPILER_GLOBAL_ACCENT_COLOR_NAME = AccentColor;
				CODE_SIGN_STYLE = Automatic;
				DEVELOPMENT_ASSET_PATHS = "\"Patri/Preview Content\"";
				DEVELOPMENT_TEAM = FCDXV2H3XH;
				ENABLE_PREVIEWS = YES;
				INFOPLIST_FILE = Patri/Info.plist;
				IPHONEOS_DEPLOYMENT_TARGET = 14.0;
				LD_RUNPATH_SEARCH_PATHS = (
					"$(inherited)",
					"@executable_path/Frameworks",
				);
				PRODUCT_BUNDLE_IDENTIFIER = avnish.Patri;
				PRODUCT_NAME = "$(TARGET_NAME)";
				SWIFT_VERSION = 5.0;
				TARGETED_DEVICE_FAMILY = "1,2";
			};
			name = Debug;
		};
		BD892D0A265E10FD00B9C9BB /* Release */ = {
			isa = XCBuildConfiguration;
			buildSettings = {
				ASSETCATALOG_COMPILER_APPICON_NAME = AppIcon;
				ASSETCATALOG_COMPILER_GLOBAL_ACCENT_COLOR_NAME = AccentColor;
				CODE_SIGN_STYLE = Automatic;
				DEVELOPMENT_ASSET_PATHS = "\"Patri/Preview Content\"";
				DEVELOPMENT_TEAM = FCDXV2H3XH;
				ENABLE_PREVIEWS = YES;
				INFOPLIST_FILE = Patri/Info.plist;
				IPHONEOS_DEPLOYMENT_TARGET = 14.0;
				LD_RUNPATH_SEARCH_PATHS = (
					"$(inherited)",
					"@executable_path/Frameworks",
				);
				PRODUCT_BUNDLE_IDENTIFIER = avnish.Patri;
				PRODUCT_NAME = "$(TARGET_NAME)";
				SWIFT_VERSION = 5.0;
				TARGETED_DEVICE_FAMILY = "1,2";
			};
			name = Release;
		};
/* End XCBuildConfiguration section */

/* Begin XCConfigurationList section */
		BD01A631267A8713005A9F96 /* Build configuration list for PBXNativeTarget "PatriTests" */ = {
			isa = XCConfigurationList;
			buildConfigurations = (
				BD01A62F267A8712005A9F96 /* Debug */,
				BD01A630267A8712005A9F96 /* Release */,
			);
			defaultConfigurationIsVisible = 0;
			defaultConfigurationName = Release;
		};
		BD892CF4265E10F900B9C9BB /* Build configuration list for PBXProject "Patri" */ = {
			isa = XCConfigurationList;
			buildConfigurations = (
				BD892D06265E10FD00B9C9BB /* Debug */,
				BD892D07265E10FD00B9C9BB /* Release */,
			);
			defaultConfigurationIsVisible = 0;
			defaultConfigurationName = Release;
		};
		BD892D08265E10FD00B9C9BB /* Build configuration list for PBXNativeTarget "Patri" */ = {
			isa = XCConfigurationList;
			buildConfigurations = (
				BD892D09265E10FD00B9C9BB /* Debug */,
				BD892D0A265E10FD00B9C9BB /* Release */,
			);
			defaultConfigurationIsVisible = 0;
			defaultConfigurationName = Release;
		};
/* End XCConfigurationList section */
	};
	rootObject = BD892CF1265E10F900B9C9BB /* Project object */;
}
